
Microsoft Visual Studio Solution File, Format Version 12.00
# Visual Studio Version 17
VisualStudioVersion = 17.5.33516.290
MinimumVisualStudioVersion = 10.0.40219.1
Project("{FAE04EC0-301F-11D3-BF4B-00C04F79EFBC}") = "DL", "DL\DL.csproj", "{7769BD2E-C694-4BBC-AEF5-C2C1FA344A98}"
EndProject
Project("{FAE04EC0-301F-11D3-BF4B-00C04F79EFBC}") = "BL", "BL\BL.csproj", "{1C8670BB-0670-41EC-AB84-FACDCA32158C}"
EndProject
Project("{FAE04EC0-301F-11D3-BF4B-00C04F79EFBC}") = "ML", "ML\ML.csproj", "{6F31F5CD-824A-465C-85AD-73717EBF19F9}"
EndProject
Project("{FAE04EC0-301F-11D3-BF4B-00C04F79EFBC}") = "PL", "PL\PL.csproj", "{0EFCCD9A-F1B8-49B1-9494-6C872EE1D326}"
EndProject
Global
	GlobalSection(SolutionConfigurationPlatforms) = preSolution
		Debug|Any CPU = Debug|Any CPU
		Release|Any CPU = Release|Any CPU
	EndGlobalSection
	GlobalSection(ProjectConfigurationPlatforms) = postSolution
		{7769BD2E-C694-4BBC-AEF5-C2C1FA344A98}.Debug|Any CPU.ActiveCfg = Debug|Any CPU
		{7769BD2E-C694-4BBC-AEF5-C2C1FA344A98}.Debug|Any CPU.Build.0 = Debug|Any CPU
		{7769BD2E-C694-4BBC-AEF5-C2C1FA344A98}.Release|Any CPU.ActiveCfg = Release|Any CPU
		{7769BD2E-C694-4BBC-AEF5-C2C1FA344A98}.Release|Any CPU.Build.0 = Release|Any CPU
		{1C8670BB-0670-41EC-AB84-FACDCA32158C}.Debug|Any CPU.ActiveCfg = Debug|Any CPU
		{1C8670BB-0670-41EC-AB84-FACDCA32158C}.Debug|Any CPU.Build.0 = Debug|Any CPU
		{1C8670BB-0670-41EC-AB84-FACDCA32158C}.Release|Any CPU.ActiveCfg = Release|Any CPU
		{1C8670BB-0670-41EC-AB84-FACDCA32158C}.Release|Any CPU.Build.0 = Release|Any CPU
		{6F31F5CD-824A-465C-85AD-73717EBF19F9}.Debug|Any CPU.ActiveCfg = Debug|Any CPU
		{6F31F5CD-824A-465C-85AD-73717EBF19F9}.Debug|Any CPU.Build.0 = Debug|Any CPU
		{6F31F5CD-824A-465C-85AD-73717EBF19F9}.Release|Any CPU.ActiveCfg = Release|Any CPU
		{6F31F5CD-824A-465C-85AD-73717EBF19F9}.Release|Any CPU.Build.0 = Release|Any CPU
		{0EFCCD9A-F1B8-49B1-9494-6C872EE1D326}.Debug|Any CPU.ActiveCfg = Debug|Any CPU
		{0EFCCD9A-F1B8-49B1-9494-6C872EE1D326}.Debug|Any CPU.Build.0 = Debug|Any CPU
		{0EFCCD9A-F1B8-49B1-9494-6C872EE1D326}.Release|Any CPU.ActiveCfg = Release|Any CPU
		{0EFCCD9A-F1B8-49B1-9494-6C872EE1D326}.Release|Any CPU.Build.0 = Release|Any CPU
	EndGlobalSection
	GlobalSection(SolutionProperties) = preSolution
		HideSolutionNode = FALSE
	EndGlobalSection
	GlobalSection(ExtensibilityGlobals) = postSolution
		SolutionGuid = {7D0F610C-EF28-4E4E-90F3-41A3A0A6AA6B}
	EndGlobalSection
EndGlobal
